# This file is autogenerated, do not edit; changes may be undone by the next 'dep ensure'.


[[projects]]
  name = "github.com/davecgh/go-spew"
  packages = ["spew"]
  revision = "346938d642f2ec3594ed81d874461961cd0faa76"
  version = "v1.1.0"

[[projects]]
  name = "github.com/go-chi/chi"
  packages = ["."]
  revision = "e83ac2304db3c50cf03d96a2fcd39009d458bc35"
  version = "v3.3.2"

[[projects]]
  name = "github.com/go-sql-driver/mysql"
  packages = ["."]
  revision = "a0583e0143b1624142adab07e0e97fe106d99561"
  version = "v1.3"

[[projects]]
  branch = "master"
  name = "github.com/jmoiron/sqlx"
  packages = [".","reflectx"]
  revision = "05cef0741ade10ca668982355b3f3f0bcf0ff0a8"

[[projects]]
  branch = "master"
  name = "github.com/lib/pq"
  packages = [".","oid"]
  revision = "88edab0803230a3898347e77b474f8c1820a1f20"

[[projects]]
  name = "github.com/pkg/errors"
  packages = ["."]
  revision = "645ef00459ed84a119197bfb8d8205042c6df63d"
  version = "v0.8.0"

[[projects]]
  branch = "master"
  name = "github.com/sony/sonyflake"
  packages = ["."]
  revision = "fa881fb1052b152e977c41023052c2f2a1c475e9"

[[projects]]
  branch = "master"
  name = "github.com/titpetric/factory"
  packages = [".","resputil"]
  revision = "01746e634a289b556648f23f9f83da97348034aa"

[solve-meta]
  analyzer-name = "dep"
  analyzer-version = 1
  inputs-digest = "7e3cab8296e250f2df40aed65bbac6bbc464cd6125823598aae9f8b91382b8c4"
  solver-name = "gps-cdcl"
  solver-version = 1
